
Microsoft Visual Studio Solution File, Format Version 12.00
# Visual Studio for Mac
Project("{FAE04EC0-301F-11D3-BF4B-00C04F79EFBC}") = "Assembly-CSharp", "Assembly-CSharp.csproj", "{7166AA11-DAD2-28BB-A1D7-C8C61080244A}"
EndProject
Project("{FAE04EC0-301F-11D3-BF4B-00C04F79EFBC}") = "Assembly-CSharp-firstpass", "Assembly-CSharp-firstpass.csproj", "{BD964D89-0112-7635-964B-89A66E31CE2E}"
EndProject
Project("{FAE04EC0-301F-11D3-BF4B-00C04F79EFBC}") = "Assembly-CSharp-Editor", "Assembly-CSharp-Editor.csproj", "{93BC267B-1F3B-CCB8-24E9-FCFF538950C1}"
EndProject
Global
	GlobalSection(SolutionConfigurationPlatforms) = preSolution
		Debug|Any CPU = Debug|Any CPU
		Release|Any CPU = Release|Any CPU
	EndGlobalSection
	GlobalSection(ProjectConfigurationPlatforms) = postSolution
		{7166AA11-DAD2-28BB-A1D7-C8C61080244A}.Debug|Any CPU.ActiveCfg = Debug|Any CPU
		{7166AA11-DAD2-28BB-A1D7-C8C61080244A}.Debug|Any CPU.Build.0 = Debug|Any CPU
		{7166AA11-DAD2-28BB-A1D7-C8C61080244A}.Release|Any CPU.ActiveCfg = Release|Any CPU
		{7166AA11-DAD2-28BB-A1D7-C8C61080244A}.Release|Any CPU.Build.0 = Release|Any CPU
		{BD964D89-0112-7635-964B-89A66E31CE2E}.Debug|Any CPU.ActiveCfg = Debug|Any CPU
		{BD964D89-0112-7635-964B-89A66E31CE2E}.Debug|Any CPU.Build.0 = Debug|Any CPU
		{BD964D89-0112-7635-964B-89A66E31CE2E}.Release|Any CPU.ActiveCfg = Release|Any CPU
		{BD964D89-0112-7635-964B-89A66E31CE2E}.Release|Any CPU.Build.0 = Release|Any CPU
		{93BC267B-1F3B-CCB8-24E9-FCFF538950C1}.Debug|Any CPU.ActiveCfg = Debug|Any CPU
		{93BC267B-1F3B-CCB8-24E9-FCFF538950C1}.Debug|Any CPU.Build.0 = Debug|Any CPU
		{93BC267B-1F3B-CCB8-24E9-FCFF538950C1}.Release|Any CPU.ActiveCfg = Release|Any CPU
		{93BC267B-1F3B-CCB8-24E9-FCFF538950C1}.Release|Any CPU.Build.0 = Release|Any CPU
	EndGlobalSection
	GlobalSection(SolutionProperties) = preSolution
		HideSolutionNode = FALSE
	EndGlobalSection
EndGlobal
